
Microsoft Visual Studio Solution File, Format Version 11.00
# Visual Studio 2010
Project("{F5034706-568F-408A-B7B3-4D38C6DB8A32}") = "WRWindows", "WRWindows.pssproj", "{FFA0BC5E-07E6-4BCB-BE53-FC8B232C13E2}"
EndProject
Global
	GlobalSection(SolutionConfigurationPlatforms) = preSolution
		Debug|Any CPU = Debug|Any CPU
		Release|Any CPU = Release|Any CPU
	EndGlobalSection
	GlobalSection(ProjectConfigurationPlatforms) = postSolution
		{FFA0BC5E-07E6-4BCB-BE53-FC8B232C13E2}.Debug|Any CPU.ActiveCfg = Debug|Any CPU
		{FFA0BC5E-07E6-4BCB-BE53-FC8B232C13E2}.Debug|Any CPU.Build.0 = Debug|Any CPU
		{FFA0BC5E-07E6-4BCB-BE53-FC8B232C13E2}.Release|Any CPU.ActiveCfg = Release|Any CPU
		{FFA0BC5E-07E6-4BCB-BE53-FC8B232C13E2}.Release|Any CPU.Build.0 = Release|Any CPU
	EndGlobalSection
	GlobalSection(SolutionProperties) = preSolution
		HideSolutionNode = FALSE
	EndGlobalSection
EndGlobal
